
Microsoft Visual Studio Solution File, Format Version 12.00
# Visual Studio Version 17
VisualStudioVersion = 17.5.002.0
MinimumVisualStudioVersion = 10.0.40219.1
Project("{9A19103F-16F7-4668-BE54-9A1E7A4F7556}") = "Sem2_Task1", "Sem2_Task1.csproj", "{19BF4649-DA0D-47CD-BDBE-8C36709E8C8D}"
EndProject
Global
	GlobalSection(SolutionConfigurationPlatforms) = preSolution
		Debug|Any CPU = Debug|Any CPU
		Release|Any CPU = Release|Any CPU
	EndGlobalSection
	GlobalSection(ProjectConfigurationPlatforms) = postSolution
		{19BF4649-DA0D-47CD-BDBE-8C36709E8C8D}.Debug|Any CPU.ActiveCfg = Debug|Any CPU
		{19BF4649-DA0D-47CD-BDBE-8C36709E8C8D}.Debug|Any CPU.Build.0 = Debug|Any CPU
		{19BF4649-DA0D-47CD-BDBE-8C36709E8C8D}.Release|Any CPU.ActiveCfg = Release|Any CPU
		{19BF4649-DA0D-47CD-BDBE-8C36709E8C8D}.Release|Any CPU.Build.0 = Release|Any CPU
	EndGlobalSection
	GlobalSection(SolutionProperties) = preSolution
		HideSolutionNode = FALSE
	EndGlobalSection
	GlobalSection(ExtensibilityGlobals) = postSolution
		SolutionGuid = {91851A16-BF64-4401-BF36-9A239805E11E}
	EndGlobalSection
EndGlobal
